github.com/sharma1612harshit/golog v0.0.0-20210329143557-d3eddaafbe41 h1:qjf+DLbIIhEPRVrbxwTkX4iDiGbm+Rm82s9QajnHMyQ=
github.com/sharma1612harshit/golog v0.0.0-20210329143557-d3eddaafbe41/go.mod h1:n4BIadIHr7kqhSGpyGzJ4uf3AYd7xPASaQgBWTC0BGQ=
github.com/sharma1612harshit/golog v0.0.0-20210329183248-2c0bbb404e91 h1:gUnmlCVor8s3tlX+Is7SnxTAC6ZWc2FCHIAuB76ibgA=
github.com/sharma1612harshit/golog v0.0.0-20210329183248-2c0bbb404e91/go.mod h1:n4BIadIHr7kqhSGpyGzJ4uf3AYd7xPASaQgBWTC0BGQ=
github.com/sharma1612harshit/golog v0.0.0-20210402151054-88b2cd19f3f4 h1:TLvbwrsPO4STOCOXLfmob1y5LTGdNx1MTMPzqyw6/54=
github.com/sharma1612harshit/golog v0.0.0-20210402151054-88b2cd19f3f4/go.mod h1:n4BIadIHr7kqhSGpyGzJ4uf3AYd7xPASaQgBWTC0BGQ=
